
Microsoft Visual Studio Solution File, Format Version 12.00
# Visual Studio Version 17
VisualStudioVersion = 17.2.32516.85
MinimumVisualStudioVersion = 10.0.40219.1
Project("{FAE04EC0-301F-11D3-BF4B-00C04F79EFBC}") = "Web.Api", "Web.Api\Web.Api.csproj", "{6ED51291-53D9-4456-A01C-7F76A396ACDF}"
EndProject
Global
	GlobalSection(SolutionConfigurationPlatforms) = preSolution
		Debug|Any CPU = Debug|Any CPU
		Release|Any CPU = Release|Any CPU
	EndGlobalSection
	GlobalSection(ProjectConfigurationPlatforms) = postSolution
		{6ED51291-53D9-4456-A01C-7F76A396ACDF}.Debug|Any CPU.ActiveCfg = Debug|Any CPU
		{6ED51291-53D9-4456-A01C-7F76A396ACDF}.Debug|Any CPU.Build.0 = Debug|Any CPU
		{6ED51291-53D9-4456-A01C-7F76A396ACDF}.Release|Any CPU.ActiveCfg = Release|Any CPU
		{6ED51291-53D9-4456-A01C-7F76A396ACDF}.Release|Any CPU.Build.0 = Release|Any CPU
	EndGlobalSection
	GlobalSection(SolutionProperties) = preSolution
		HideSolutionNode = FALSE
	EndGlobalSection
	GlobalSection(ExtensibilityGlobals) = postSolution
		SolutionGuid = {1F263E2D-6E7B-455B-A811-D14EAC62E707}
	EndGlobalSection
EndGlobal
